
Microsoft Visual Studio Solution File, Format Version 12.00
Project("{FAE04EC0-301F-11D3-BF4B-00C04F79EFBC}") = "PlaywrightWithSpecflow", "PlaywrightWithSpecflow\PlaywrightWithSpecflow.csproj", "{4AB38B33-45C4-447A-B130-E7864CC8DA64}"
EndProject
Global
	GlobalSection(SolutionConfigurationPlatforms) = preSolution
		Debug|Any CPU = Debug|Any CPU
		Release|Any CPU = Release|Any CPU
	EndGlobalSection
	GlobalSection(ProjectConfigurationPlatforms) = postSolution
		{4AB38B33-45C4-447A-B130-E7864CC8DA64}.Debug|Any CPU.ActiveCfg = Debug|Any CPU
		{4AB38B33-45C4-447A-B130-E7864CC8DA64}.Debug|Any CPU.Build.0 = Debug|Any CPU
		{4AB38B33-45C4-447A-B130-E7864CC8DA64}.Release|Any CPU.ActiveCfg = Release|Any CPU
		{4AB38B33-45C4-447A-B130-E7864CC8DA64}.Release|Any CPU.Build.0 = Release|Any CPU
	EndGlobalSection
EndGlobal
